PODS:
  - AppSyncRealTimeClient (1.4.1):
    - Starscream (~> 3.1.0)
  - AWSAuthCore (2.17.0):
    - AWSCore (= 2.17.0)
  - AWSCognitoIdentityProvider (2.17.0):
    - AWSCognitoIdentityProviderASF (= 2.17.0)
    - AWSCore (= 2.17.0)
  - AWSCognitoIdentityProviderASF (2.17.0)
  - AWSCore (2.17.0)
  - AWSMobileClient (2.17.0):
    - AWSAuthCore (= 2.17.0)
    - AWSCognitoIdentityProvider (= 2.17.0)
    - AWSCognitoIdentityProviderASF (= 2.17.0)
    - AWSCore (= 2.17.0)
  - AWSS3 (2.17.0):
    - AWSCore (= 2.17.0)
  - ReachabilitySwift (5.0.0)
  - SQLite.swift (0.12.2):
    - SQLite.swift/standard (= 0.12.2)
  - SQLite.swift/standard (0.12.2)
  - Starscream (3.1.1)
  - SwiftLint (0.40.3)

DEPENDENCIES:
  - AppSyncRealTimeClient (~> 1.4)
  - AWSCore (~> 2.17.0)
  - AWSMobileClient (~> 2.17.0)
  - AWSS3 (~> 2.17.0)
  - ReachabilitySwift (~> 5.0.0)
  - SQLite.swift (~> 0.12.2)
  - SwiftLint

SPEC REPOS:
  trunk:
    - AppSyncRealTimeClient
    - AWSAuthCore
    - AWSCognitoIdentityProvider
    - AWSCognitoIdentityProviderASF
    - AWSCore
    - AWSMobileClient
    - AWSS3
    - ReachabilitySwift
    - SQLite.swift
    - Starscream
    - SwiftLint

SPEC CHECKSUMS:
  AppSyncRealTimeClient: 879b9fa3ce3f335450ca06e0def279fa90af9e76
  AWSAuthCore: 35e63f55ee6fa31b848dfa8fcddbe0fccdba9a13
  AWSCognitoIdentityProvider: bbc75ab74931db6909ffd9b24e7f4e52ae210361
  AWSCognitoIdentityProviderASF: 87ebf727c8429f93b4188b2ad13ad1f76ce3cefd
  AWSCore: f20f7eb426d598ab753219e41ba524c0dc6f2b5c
  AWSMobileClient: 45523613684950c049914eacbc9f19cdd9f4cc83
  AWSS3: 5b27ab973f0ed7fcd88ba52c98825c9984982541
  ReachabilitySwift: 985039c6f7b23a1da463388634119492ff86c825
  SQLite.swift: d2b4642190917051ce6bd1d49aab565fe794eea3
  Starscream: 4bb2f9942274833f7b4d296a55504dcfc7edb7b0
  SwiftLint: dfd554ff0dff17288ee574814ccdd5cea85d76f7

PODFILE CHECKSUM: 686b15020dd0e06f9582a06ca0476e85aea79b23

COCOAPODS: 1.9.3
