PODS:
  - AppSyncRealTimeClient (3.1.2):
    - Starscream (= 4.0.4)
  - AWSAuthCore (2.34.0):
    - AWSCore (= 2.34.0)
  - AWSCognitoIdentityProvider (2.34.0):
    - AWSCognitoIdentityProviderASF (= 2.34.0)
    - AWSCore (= 2.34.0)
  - AWSCognitoIdentityProviderASF (2.34.0):
    - AWSCore (= 2.34.0)
  - AWSCore (2.34.0)
  - AWSMobileClient (2.34.0):
    - AWSAuthCore (= 2.34.0)
    - AWSCognitoIdentityProvider (= 2.34.0)
    - AWSCognitoIdentityProviderASF (= 2.34.0)
    - AWSCore (= 2.34.0)
  - AWSS3 (2.34.0):
    - AWSCore (= 2.34.0)
  - SQLite.swift (0.12.2):
    - SQLite.swift/standard (= 0.12.2)
  - SQLite.swift/standard (0.12.2)
  - Starscream (4.0.4)
  - SwiftLint (0.54.0)

DEPENDENCIES:
  - AppSyncRealTimeClient (~> 3.0)
  - AWSCore (~> 2.34.0)
  - AWSMobileClient (~> 2.34.0)
  - AWSS3 (~> 2.34.0)
  - SQLite.swift (~> 0.12.2)
  - SwiftLint

SPEC REPOS:
  trunk:
    - AppSyncRealTimeClient
    - AWSAuthCore
    - AWSCognitoIdentityProvider
    - AWSCognitoIdentityProviderASF
    - AWSCore
    - AWSMobileClient
    - AWSS3
    - SQLite.swift
    - Starscream
    - SwiftLint

SPEC CHECKSUMS:
  AppSyncRealTimeClient: 36ff2f65f330bce7f1d0d2157a4ae5d255483dac
  AWSAuthCore: 78d09e86a9db5a972dea9d046dbbc01bc6513960
  AWSCognitoIdentityProvider: 5d10b3b7f826f084239c036fc81334354e19292c
  AWSCognitoIdentityProviderASF: 9fd7e74bf86e25389c930eb51fc3b61ce601a72d
  AWSCore: 35d036e9519377a20fd2783874b5ff44268608bb
  AWSMobileClient: 5c624a1a77995d13be65faef8b1a82ed71fb4029
  AWSS3: 426e9bc563aea1a47f4fabac114df2a01bdb38d2
  SQLite.swift: d2b4642190917051ce6bd1d49aab565fe794eea3
  Starscream: 5178aed56b316f13fa3bc55694e583d35dd414d9
  SwiftLint: c1de071d9d08c8aba837545f6254315bc900e211

PODFILE CHECKSUM: cce6e386466dcc8b8db050386025f3ad8ff91b5e

COCOAPODS: 1.15.2
