PODS:
  - AppSyncRealTimeClient (1.4.0):
    - Starscream (~> 3.1.0)
  - AWSAuthCore (2.15.0):
    - AWSCore (= 2.15.0)
  - AWSCognitoIdentityProvider (2.15.0):
    - AWSCognitoIdentityProviderASF (= 1.0.1)
    - AWSCore (= 2.15.0)
  - AWSCognitoIdentityProviderASF (1.0.1)
  - AWSCore (2.15.0)
  - AWSMobileClient (2.15.0):
    - AWSAuthCore (= 2.15.0)
    - AWSCognitoIdentityProvider (= 2.15.0)
  - AWSS3 (2.15.0):
    - AWSCore (= 2.15.0)
  - ReachabilitySwift (5.0.0)
  - SQLite.swift (0.12.2):
    - SQLite.swift/standard (= 0.12.2)
  - SQLite.swift/standard (0.12.2)
  - Starscream (3.1.1)
  - SwiftLint (0.39.2)

DEPENDENCIES:
  - AppSyncRealTimeClient (~> 1.4)
  - AWSCore (~> 2.15.0)
  - AWSMobileClient (~> 2.15.0)
  - AWSS3 (~> 2.15.0)
  - ReachabilitySwift (~> 5.0.0)
  - SQLite.swift (~> 0.12.2)
  - SwiftLint

SPEC REPOS:
  trunk:
    - AppSyncRealTimeClient
    - AWSAuthCore
    - AWSCognitoIdentityProvider
    - AWSCognitoIdentityProviderASF
    - AWSCore
    - AWSMobileClient
    - AWSS3
    - ReachabilitySwift
    - SQLite.swift
    - Starscream
    - SwiftLint

SPEC CHECKSUMS:
  AppSyncRealTimeClient: 1e14f5584218e63b00fffbc093ad1934701a4b68
  AWSAuthCore: 284f1bc07187fad68ba52a0af088fe84f7af538e
  AWSCognitoIdentityProvider: 451b1a39c5c73afa9fc2bf8d29cb0892e9b3b34c
  AWSCognitoIdentityProviderASF: f94f1a502e72ef3d0a1de93e10bf7a79c8698118
  AWSCore: b732e43f2afaef25c3a7dd9408b8c594213397bd
  AWSMobileClient: 633ec8c81dadec097e1fdb62e372e0af9b6dd706
  AWSS3: e54ce8e29744663f0e5f3e90d610880974fc59fa
  ReachabilitySwift: 985039c6f7b23a1da463388634119492ff86c825
  SQLite.swift: d2b4642190917051ce6bd1d49aab565fe794eea3
  Starscream: 4bb2f9942274833f7b4d296a55504dcfc7edb7b0
  SwiftLint: 22ccbbe3b8008684be5955693bab135e0ed6a447

PODFILE CHECKSUM: f1194c0497c2cea1cc99203941c3daa220aa6f19

COCOAPODS: 1.9.3
